# This file was autogenerated by Stack.
# You should not edit this file by hand.
# For more information, please see the documentation at:
#   https://docs.haskellstack.org/en/stable/topics/lock_files

packages:
- completed:
    hackage: hostname-1.0@sha256:8203b6ecd14ca1ef12f73a471b0a6a4be3ad4568d8b84f2bc4bc9e0abb8c4153,813
    pantry-tree:
      sha256: 962f3607627035d8da35d0073170e75e736adcc6919a3d96669cbe28bf19468b
      size: 212
  original:
    hackage: hostname-1.0
- completed:
    hackage: split-0.2.5@sha256:5bc1ae848bfded3087ea3e568908f1b75f56ecde6f02df3fad1a138dd5c783d5,2625
    pantry-tree:
      sha256: 5d28c851a2c98e3d8ac0f01adc58303d775afe39dce23ec953be64ae65d11166
      size: 443
  original:
    hackage: split-0.2.5
- completed:
    hackage: containers-0.6.8@sha256:bb2bec1bbc6b39a7c97cd95e056a5698ec45beb5d8feb6caae12af64e4bd823c,2670
    pantry-tree:
      sha256: 62d0b7f21a9f298867bbf0acae201d1fe4e32d309b4085a52c037eb551852811
      size: 2954
  original:
    hackage: containers-0.6.8
- completed:
    hackage: circular-enum-0.1.0.0@sha256:7cb8666ec295e8555d13c58e445f83cb45e726bd052b1ee2d6e2325bcd3cd05d,1234
    pantry-tree:
      sha256: 981428e1a2296e303c26541b7c0c6628398baae856c5c024a3fc74c9868e5ef5
      size: 281
  original:
    hackage: circular-enum-0.1.0.0
- completed:
    hackage: mtl-2.3.1@sha256:5377696d7315e2ef31a8d15d67b22d733c20cac2caf8b26756ff8524c8217e6d,1868
    pantry-tree:
      sha256: ac3cf1dc9ef397512d4bf8f2c3fbe4d64fb8aabd253288b34bf86c09ae234d4f
      size: 1853
  original:
    hackage: mtl-2.3.1
snapshots:
- completed:
    sha256: 238fa745b64f91184f9aa518fe04bdde6552533d169b0da5256670df83a0f1a9
    size: 721141
    url: https://raw.githubusercontent.com/commercialhaskell/stackage-snapshots/master/lts/22/44.yaml
  original:
    url: https://raw.githubusercontent.com/commercialhaskell/stackage-snapshots/master/lts/22/44.yaml
